
Microsoft Visual Studio Solution File, Format Version 12.00
# Visual Studio Version 17
VisualStudioVersion = 17.2.32526.322
MinimumVisualStudioVersion = 10.0.40219.1
Project("{FAE04EC0-301F-11D3-BF4B-00C04F79EFBC}") = "ApiSuprema", "ApiSuprema.csproj", "{D199AA70-54F8-4375-A9DA-5CDDBE8EB400}"
EndProject
Global
	GlobalSection(SolutionConfigurationPlatforms) = preSolution
		Debug|Any CPU = Debug|Any CPU
		Release|Any CPU = Release|Any CPU
	EndGlobalSection
	GlobalSection(ProjectConfigurationPlatforms) = postSolution
		{D199AA70-54F8-4375-A9DA-5CDDBE8EB400}.Debug|Any CPU.ActiveCfg = Debug|Any CPU
		{D199AA70-54F8-4375-A9DA-5CDDBE8EB400}.Debug|Any CPU.Build.0 = Debug|Any CPU
		{D199AA70-54F8-4375-A9DA-5CDDBE8EB400}.Release|Any CPU.ActiveCfg = Release|Any CPU
		{D199AA70-54F8-4375-A9DA-5CDDBE8EB400}.Release|Any CPU.Build.0 = Release|Any CPU
	EndGlobalSection
	GlobalSection(SolutionProperties) = preSolution
		HideSolutionNode = FALSE
	EndGlobalSection
	GlobalSection(ExtensibilityGlobals) = postSolution
		SolutionGuid = {6C4005EB-6956-4163-B75E-EA06D91FF462}
	EndGlobalSection
EndGlobal
